
Microsoft Visual Studio Solution File, Format Version 12.00
# Visual Studio Version 17
VisualStudioVersion = 17.13.35931.197
MinimumVisualStudioVersion = 10.0.40219.1
Project("{FAE04EC0-301F-11D3-BF4B-00C04F79EFBC}") = "Polyclinic", "Polyclinic\Polyclinic.csproj", "{42824807-571A-482E-8083-39788BECD813}"
EndProject
Project("{FAE04EC0-301F-11D3-BF4B-00C04F79EFBC}") = "ParametricQuery", "ParametricQuery\ParametricQuery.csproj", "{D4B310AA-FFDF-44D6-9B60-A7CE8511156E}"
EndProject
Global
	GlobalSection(SolutionConfigurationPlatforms) = preSolution
		Debug|Any CPU = Debug|Any CPU
		Release|Any CPU = Release|Any CPU
	EndGlobalSection
	GlobalSection(ProjectConfigurationPlatforms) = postSolution
		{42824807-571A-482E-8083-39788BECD813}.Debug|Any CPU.ActiveCfg = Debug|Any CPU
		{42824807-571A-482E-8083-39788BECD813}.Debug|Any CPU.Build.0 = Debug|Any CPU
		{42824807-571A-482E-8083-39788BECD813}.Release|Any CPU.ActiveCfg = Release|Any CPU
		{42824807-571A-482E-8083-39788BECD813}.Release|Any CPU.Build.0 = Release|Any CPU
		{D4B310AA-FFDF-44D6-9B60-A7CE8511156E}.Debug|Any CPU.ActiveCfg = Debug|Any CPU
		{D4B310AA-FFDF-44D6-9B60-A7CE8511156E}.Debug|Any CPU.Build.0 = Debug|Any CPU
		{D4B310AA-FFDF-44D6-9B60-A7CE8511156E}.Release|Any CPU.ActiveCfg = Release|Any CPU
		{D4B310AA-FFDF-44D6-9B60-A7CE8511156E}.Release|Any CPU.Build.0 = Release|Any CPU
	EndGlobalSection
	GlobalSection(SolutionProperties) = preSolution
		HideSolutionNode = FALSE
	EndGlobalSection
	GlobalSection(ExtensibilityGlobals) = postSolution
		SolutionGuid = {8DC372FA-5ED7-4029-8F00-F0DC0CE86919}
	EndGlobalSection
EndGlobal
